
Microsoft Visual Studio Solution File, Format Version 12.00
# Visual Studio Version 16
VisualStudioVersion = 16.0.29230.47
MinimumVisualStudioVersion = 10.0.40219.1
Project("{FAE04EC0-301F-11D3-BF4B-00C04F79EFBC}") = "ProjectWS1", "ProjectWS1\ProjectWS1.csproj", "{F1AC6D53-25F3-42E5-B90F-837C3587C29C}"
EndProject
Global
	GlobalSection(SolutionConfigurationPlatforms) = preSolution
		Debug|Any CPU = Debug|Any CPU
		Release|Any CPU = Release|Any CPU
	EndGlobalSection
	GlobalSection(ProjectConfigurationPlatforms) = postSolution
		{F1AC6D53-25F3-42E5-B90F-837C3587C29C}.Debug|Any CPU.ActiveCfg = Debug|Any CPU
		{F1AC6D53-25F3-42E5-B90F-837C3587C29C}.Debug|Any CPU.Build.0 = Debug|Any CPU
		{F1AC6D53-25F3-42E5-B90F-837C3587C29C}.Release|Any CPU.ActiveCfg = Release|Any CPU
		{F1AC6D53-25F3-42E5-B90F-837C3587C29C}.Release|Any CPU.Build.0 = Release|Any CPU
	EndGlobalSection
	GlobalSection(SolutionProperties) = preSolution
		HideSolutionNode = FALSE
	EndGlobalSection
	GlobalSection(ExtensibilityGlobals) = postSolution
		SolutionGuid = {131F9B31-0ADE-4C5F-9B68-AB9289044212}
	EndGlobalSection
EndGlobal
